// !$*UTF8*$!
{
	archiveVersion = 1;
	classes = {
	};
	objectVersion = 56;
	objects = {

/* Begin PBXBuildFile section */
		593D7BD02A030F7A009424AE /* MyView.m in Sources */ = {isa = PBXBuildFile; fileRef = 593D7BCF2A030F7A009424AE /* MyView.m */; };
		593D7BD32A035017009424AE /* Camera.mm in Sources */ = {isa = PBXBuildFile; fileRef = 593D7BD22A035017009424AE /* Camera.mm */; };
		593D7BDD2A0AC592009424AE /* Math.cpp in Sources */ = {isa = PBXBuildFile; fileRef = 593D7BDB2A0AC592009424AE /* Math.cpp */; };
		593D7BE02A0ACDDF009424AE /* Timer.cpp in Sources */ = {isa = PBXBuildFile; fileRef = 593D7BDE2A0ACDDF009424AE /* Timer.cpp */; };
		593D7BE32A0AE9EE009424AE /* Logger.cpp in Sources */ = {isa = PBXBuildFile; fileRef = 593D7BE12A0AE9EE009424AE /* Logger.cpp */; };
		594AE83B2A00BF1700830026 /* AppDelegate.m in Sources */ = {isa = PBXBuildFile; fileRef = 594AE83A2A00BF1700830026 /* AppDelegate.m */; };
		594AE83E2A00BF1700830026 /* Renderer.mm in Sources */ = {isa = PBXBuildFile; fileRef = 594AE83D2A00BF1700830026 /* Renderer.mm */; };
		594AE8412A00BF1700830026 /* GameViewController.m in Sources */ = {isa = PBXBuildFile; fileRef = 594AE8402A00BF1700830026 /* GameViewController.m */; };
		594AE8432A00BF1700830026 /* Shaders.metal in Sources */ = {isa = PBXBuildFile; fileRef = 594AE8422A00BF1700830026 /* Shaders.metal */; };
		594AE8462A00BF1800830026 /* Assets.xcassets in Resources */ = {isa = PBXBuildFile; fileRef = 594AE8452A00BF1800830026 /* Assets.xcassets */; };
		594AE8492A00BF1800830026 /* Main.storyboard in Resources */ = {isa = PBXBuildFile; fileRef = 594AE8472A00BF1800830026 /* Main.storyboard */; };
		594AE84B2A00BF1800830026 /* main.m in Sources */ = {isa = PBXBuildFile; fileRef = 594AE84A2A00BF1800830026 /* main.m */; };
/* End PBXBuildFile section */

/* Begin PBXFileReference section */
		593D7BCE2A030F7A009424AE /* MyView.h */ = {isa = PBXFileReference; lastKnownFileType = sourcecode.c.h; path = MyView.h; sourceTree = "<group>"; };
		593D7BCF2A030F7A009424AE /* MyView.m */ = {isa = PBXFileReference; lastKnownFileType = sourcecode.c.objc; path = MyView.m; sourceTree = "<group>"; };
		593D7BD12A035017009424AE /* Camera.h */ = {isa = PBXFileReference; lastKnownFileType = sourcecode.c.h; path = Camera.h; sourceTree = "<group>"; };
		593D7BD22A035017009424AE /* Camera.mm */ = {isa = PBXFileReference; lastKnownFileType = sourcecode.cpp.objcpp; path = Camera.mm; sourceTree = "<group>"; };
		593D7BDB2A0AC592009424AE /* Math.cpp */ = {isa = PBXFileReference; lastKnownFileType = sourcecode.cpp.cpp; path = Math.cpp; sourceTree = "<group>"; };
		593D7BDC2A0AC592009424AE /* Math.hpp */ = {isa = PBXFileReference; lastKnownFileType = sourcecode.cpp.h; path = Math.hpp; sourceTree = "<group>"; };
		593D7BDE2A0ACDDF009424AE /* Timer.cpp */ = {isa = PBXFileReference; lastKnownFileType = sourcecode.cpp.cpp; path = Timer.cpp; sourceTree = "<group>"; };
		593D7BDF2A0ACDDF009424AE /* Timer.hpp */ = {isa = PBXFileReference; lastKnownFileType = sourcecode.cpp.h; path = Timer.hpp; sourceTree = "<group>"; };
		593D7BE12A0AE9EE009424AE /* Logger.cpp */ = {isa = PBXFileReference; lastKnownFileType = sourcecode.cpp.cpp; path = Logger.cpp; sourceTree = "<group>"; };
		593D7BE22A0AE9EE009424AE /* Logger.hpp */ = {isa = PBXFileReference; lastKnownFileType = sourcecode.cpp.h; path = Logger.hpp; sourceTree = "<group>"; };
		594AE8362A00BF1700830026 /* RayTracing.app */ = {isa = PBXFileReference; explicitFileType = wrapper.application; includeInIndex = 0; path = RayTracing.app; sourceTree = BUILT_PRODUCTS_DIR; };
		594AE8392A00BF1700830026 /* AppDelegate.h */ = {isa = PBXFileReference; lastKnownFileType = sourcecode.c.h; path = AppDelegate.h; sourceTree = "<group>"; };
		594AE83A2A00BF1700830026 /* AppDelegate.m */ = {isa = PBXFileReference; lastKnownFileType = sourcecode.c.objc; path = AppDelegate.m; sourceTree = "<group>"; };
		594AE83C2A00BF1700830026 /* Renderer.h */ = {isa = PBXFileReference; lastKnownFileType = sourcecode.c.h; path = Renderer.h; sourceTree = "<group>"; };
		594AE83D2A00BF1700830026 /* Renderer.mm */ = {isa = PBXFileReference; lastKnownFileType = sourcecode.cpp.objcpp; path = Renderer.mm; sourceTree = "<group>"; };
		594AE83F2A00BF1700830026 /* GameViewController.h */ = {isa = PBXFileReference; lastKnownFileType = sourcecode.c.h; path = GameViewController.h; sourceTree = "<group>"; };
		594AE8402A00BF1700830026 /* GameViewController.m */ = {isa = PBXFileReference; lastKnownFileType = sourcecode.c.objc; path = GameViewController.m; sourceTree = "<group>"; };
		594AE8422A00BF1700830026 /* Shaders.metal */ = {isa = PBXFileReference; lastKnownFileType = sourcecode.metal; path = Shaders.metal; sourceTree = "<group>"; };
		594AE8442A00BF1700830026 /* ShaderTypes.h */ = {isa = PBXFileReference; lastKnownFileType = sourcecode.c.h; path = ShaderTypes.h; sourceTree = "<group>"; };
		594AE8452A00BF1800830026 /* Assets.xcassets */ = {isa = PBXFileReference; lastKnownFileType = folder.assetcatalog; path = Assets.xcassets; sourceTree = "<group>"; };
		594AE8482A00BF1800830026 /* Base */ = {isa = PBXFileReference; lastKnownFileType = file.storyboard; name = Base; path = Base.lproj/Main.storyboard; sourceTree = "<group>"; };
		594AE84A2A00BF1800830026 /* main.m */ = {isa = PBXFileReference; lastKnownFileType = sourcecode.c.objc; path = main.m; sourceTree = "<group>"; };
		594AE84C2A00BF1800830026 /* RayTracing.entitlements */ = {isa = PBXFileReference; lastKnownFileType = text.plist.entitlements; path = RayTracing.entitlements; sourceTree = "<group>"; };
/* End PBXFileReference section */

/* Begin PBXFrameworksBuildPhase section */
		594AE8332A00BF1700830026 /* Frameworks */ = {
			isa = PBXFrameworksBuildPhase;
			buildActionMask = 2147483647;
			files = (
			);
			runOnlyForDeploymentPostprocessing = 0;
		};
/* End PBXFrameworksBuildPhase section */

/* Begin PBXGroup section */
		593D7BC42A017889009424AE /* Renderer */ = {
			isa = PBXGroup;
			children = (
				594AE83C2A00BF1700830026 /* Renderer.h */,
				594AE83D2A00BF1700830026 /* Renderer.mm */,
				594AE8422A00BF1700830026 /* Shaders.metal */,
				594AE8442A00BF1700830026 /* ShaderTypes.h */,
				593D7BD12A035017009424AE /* Camera.h */,
				593D7BD22A035017009424AE /* Camera.mm */,
			);
			path = Renderer;
			sourceTree = "<group>";
		};
		593D7BC52A017892009424AE /* App */ = {
			isa = PBXGroup;
			children = (
				594AE8392A00BF1700830026 /* AppDelegate.h */,
				594AE83A2A00BF1700830026 /* AppDelegate.m */,
				594AE83F2A00BF1700830026 /* GameViewController.h */,
				594AE8402A00BF1700830026 /* GameViewController.m */,
				593D7BCE2A030F7A009424AE /* MyView.h */,
				593D7BCF2A030F7A009424AE /* MyView.m */,
			);
			path = App;
			sourceTree = "<group>";
		};
		593D7BC92A01B58C009424AE /* Utils */ = {
			isa = PBXGroup;
			children = (
				593D7BDB2A0AC592009424AE /* Math.cpp */,
				593D7BDC2A0AC592009424AE /* Math.hpp */,
				593D7BDE2A0ACDDF009424AE /* Timer.cpp */,
				593D7BDF2A0ACDDF009424AE /* Timer.hpp */,
				593D7BE12A0AE9EE009424AE /* Logger.cpp */,
				593D7BE22A0AE9EE009424AE /* Logger.hpp */,
			);
			path = Utils;
			sourceTree = "<group>";
		};
		594AE82D2A00BF1700830026 = {
			isa = PBXGroup;
			children = (
				594AE8382A00BF1700830026 /* RayTracing */,
				594AE8372A00BF1700830026 /* Products */,
			);
			sourceTree = "<group>";
		};
		594AE8372A00BF1700830026 /* Products */ = {
			isa = PBXGroup;
			children = (
				594AE8362A00BF1700830026 /* RayTracing.app */,
			);
			name = Products;
			sourceTree = "<group>";
		};
		594AE8382A00BF1700830026 /* RayTracing */ = {
			isa = PBXGroup;
			children = (
				593D7BC92A01B58C009424AE /* Utils */,
				593D7BC52A017892009424AE /* App */,
				593D7BC42A017889009424AE /* Renderer */,
				594AE8452A00BF1800830026 /* Assets.xcassets */,
				594AE8472A00BF1800830026 /* Main.storyboard */,
				594AE84A2A00BF1800830026 /* main.m */,
				594AE84C2A00BF1800830026 /* RayTracing.entitlements */,
			);
			path = RayTracing;
			sourceTree = "<group>";
		};
/* End PBXGroup section */

/* Begin PBXNativeTarget section */
		594AE8352A00BF1700830026 /* RayTracing */ = {
			isa = PBXNativeTarget;
			buildConfigurationList = 594AE84F2A00BF1800830026 /* Build configuration list for PBXNativeTarget "RayTracing" */;
			buildPhases = (
				594AE8322A00BF1700830026 /* Sources */,
				594AE8332A00BF1700830026 /* Frameworks */,
				594AE8342A00BF1700830026 /* Resources */,
			);
			buildRules = (
			);
			dependencies = (
			);
			name = RayTracing;
			productName = RayTracing;
			productReference = 594AE8362A00BF1700830026 /* RayTracing.app */;
			productType = "com.apple.product-type.application";
		};
/* End PBXNativeTarget section */

/* Begin PBXProject section */
		594AE82E2A00BF1700830026 /* Project object */ = {
			isa = PBXProject;
			attributes = {
				BuildIndependentTargetsInParallel = 1;
				LastUpgradeCheck = 1420;
				TargetAttributes = {
					594AE8352A00BF1700830026 = {
						CreatedOnToolsVersion = 14.2;
					};
				};
			};
			buildConfigurationList = 594AE8312A00BF1700830026 /* Build configuration list for PBXProject "RayTracing" */;
			compatibilityVersion = "Xcode 14.0";
			developmentRegion = en;
			hasScannedForEncodings = 0;
			knownRegions = (
				en,
				Base,
			);
			mainGroup = 594AE82D2A00BF1700830026;
			productRefGroup = 594AE8372A00BF1700830026 /* Products */;
			projectDirPath = "";
			projectRoot = "";
			targets = (
				594AE8352A00BF1700830026 /* RayTracing */,
			);
		};
/* End PBXProject section */

/* Begin PBXResourcesBuildPhase section */
		594AE8342A00BF1700830026 /* Resources */ = {
			isa = PBXResourcesBuildPhase;
			buildActionMask = 2147483647;
			files = (
				594AE8462A00BF1800830026 /* Assets.xcassets in Resources */,
				594AE8492A00BF1800830026 /* Main.storyboard in Resources */,
			);
			runOnlyForDeploymentPostprocessing = 0;
		};
/* End PBXResourcesBuildPhase section */

/* Begin PBXSourcesBuildPhase section */
		594AE8322A00BF1700830026 /* Sources */ = {
			isa = PBXSourcesBuildPhase;
			buildActionMask = 2147483647;
			files = (
				593D7BD32A035017009424AE /* Camera.mm in Sources */,
				593D7BE32A0AE9EE009424AE /* Logger.cpp in Sources */,
				594AE84B2A00BF1800830026 /* main.m in Sources */,
				594AE8432A00BF1700830026 /* Shaders.metal in Sources */,
				593D7BDD2A0AC592009424AE /* Math.cpp in Sources */,
				593D7BD02A030F7A009424AE /* MyView.m in Sources */,
				594AE83E2A00BF1700830026 /* Renderer.mm in Sources */,
				593D7BE02A0ACDDF009424AE /* Timer.cpp in Sources */,
				594AE8412A00BF1700830026 /* GameViewController.m in Sources */,
				594AE83B2A00BF1700830026 /* AppDelegate.m in Sources */,
			);
			runOnlyForDeploymentPostprocessing = 0;
		};
/* End PBXSourcesBuildPhase section */

/* Begin PBXVariantGroup section */
		594AE8472A00BF1800830026 /* Main.storyboard */ = {
			isa = PBXVariantGroup;
			children = (
				594AE8482A00BF1800830026 /* Base */,
			);
			name = Main.storyboard;
			sourceTree = "<group>";
		};
/* End PBXVariantGroup section */

/* Begin XCBuildConfiguration section */
		594AE84D2A00BF1800830026 /* Debug */ = {
			isa = XCBuildConfiguration;
			buildSettings = {
				ALWAYS_SEARCH_USER_PATHS = NO;
				CLANG_ANALYZER_NONNULL = YES;
				CLANG_ANALYZER_NUMBER_OBJECT_CONVERSION = YES_AGGRESSIVE;
				CLANG_CXX_LANGUAGE_STANDARD = "gnu++14";
				CLANG_ENABLE_MODULES = YES;
				CLANG_ENABLE_OBJC_ARC = YES;
				CLANG_ENABLE_OBJC_WEAK = YES;
				CLANG_WARN_BLOCK_CAPTURE_AUTORELEASING = YES;
				CLANG_WARN_BOOL_CONVERSION = YES;
				CLANG_WARN_COMMA = YES;
				CLANG_WARN_CONSTANT_CONVERSION = YES;
				CLANG_WARN_DEPRECATED_OBJC_IMPLEMENTATIONS = YES;
				CLANG_WARN_DIRECT_OBJC_ISA_USAGE = YES_ERROR;
				CLANG_WARN_DOCUMENTATION_COMMENTS = YES;
				CLANG_WARN_EMPTY_BODY = YES;
				CLANG_WARN_ENUM_CONVERSION = YES;
				CLANG_WARN_INFINITE_RECURSION = YES;
				CLANG_WARN_INT_CONVERSION = YES;
				CLANG_WARN_NON_LITERAL_NULL_CONVERSION = YES;
				CLANG_WARN_OBJC_IMPLICIT_RETAIN_SELF = YES;
				CLANG_WARN_OBJC_LITERAL_CONVERSION = YES;
				CLANG_WARN_OBJC_ROOT_CLASS = YES_ERROR;
				CLANG_WARN_QUOTED_INCLUDE_IN_FRAMEWORK_HEADER = YES;
				CLANG_WARN_RANGE_LOOP_ANALYSIS = YES;
				CLANG_WARN_STRICT_PROTOTYPES = YES;
				CLANG_WARN_SUSPICIOUS_MOVE = YES;
				CLANG_WARN_UNGUARDED_AVAILABILITY = YES_AGGRESSIVE;
				CLANG_WARN_UNREACHABLE_CODE = YES;
				CLANG_WARN__DUPLICATE_METHOD_MATCH = YES;
				COPY_PHASE_STRIP = NO;
				DEBUG_INFORMATION_FORMAT = dwarf;
				ENABLE_STRICT_OBJC_MSGSEND = YES;
				ENABLE_TESTABILITY = YES;
				GCC_C_LANGUAGE_STANDARD = gnu11;
				GCC_DYNAMIC_NO_PIC = NO;
				GCC_NO_COMMON_BLOCKS = YES;
				GCC_OPTIMIZATION_LEVEL = 0;
				GCC_PREPROCESSOR_DEFINITIONS = (
					"DEBUG=1",
					"$(inherited)",
				);
				GCC_WARN_64_TO_32_BIT_CONVERSION = YES;
				GCC_WARN_ABOUT_RETURN_TYPE = YES_ERROR;
				GCC_WARN_UNDECLARED_SELECTOR = YES;
				GCC_WARN_UNINITIALIZED_AUTOS = YES_AGGRESSIVE;
				GCC_WARN_UNUSED_FUNCTION = YES;
				GCC_WARN_UNUSED_VARIABLE = YES;
				MACOSX_DEPLOYMENT_TARGET = 13.1;
				MTL_ENABLE_DEBUG_INFO = INCLUDE_SOURCE;
				MTL_FAST_MATH = YES;
				ONLY_ACTIVE_ARCH = YES;
				SDKROOT = macosx;
			};
			name = Debug;
		};
		594AE84E2A00BF1800830026 /* Release */ = {
			isa = XCBuildConfiguration;
			buildSettings = {
				ALWAYS_SEARCH_USER_PATHS = NO;
				CLANG_ANALYZER_NONNULL = YES;
				CLANG_ANALYZER_NUMBER_OBJECT_CONVERSION = YES_AGGRESSIVE;
				CLANG_CXX_LANGUAGE_STANDARD = "gnu++14";
				CLANG_ENABLE_MODULES = YES;
				CLANG_ENABLE_OBJC_ARC = YES;
				CLANG_ENABLE_OBJC_WEAK = YES;
				CLANG_WARN_BLOCK_CAPTURE_AUTORELEASING = YES;
				CLANG_WARN_BOOL_CONVERSION = YES;
				CLANG_WARN_COMMA = YES;
				CLANG_WARN_CONSTANT_CONVERSION = YES;
				CLANG_WARN_DEPRECATED_OBJC_IMPLEMENTATIONS = YES;
				CLANG_WARN_DIRECT_OBJC_ISA_USAGE = YES_ERROR;
				CLANG_WARN_DOCUMENTATION_COMMENTS = YES;
				CLANG_WARN_EMPTY_BODY = YES;
				CLANG_WARN_ENUM_CONVERSION = YES;
				CLANG_WARN_INFINITE_RECURSION = YES;
				CLANG_WARN_INT_CONVERSION = YES;
				CLANG_WARN_NON_LITERAL_NULL_CONVERSION = YES;
				CLANG_WARN_OBJC_IMPLICIT_RETAIN_SELF = YES;
				CLANG_WARN_OBJC_LITERAL_CONVERSION = YES;
				CLANG_WARN_OBJC_ROOT_CLASS = YES_ERROR;
				CLANG_WARN_QUOTED_INCLUDE_IN_FRAMEWORK_HEADER = YES;
				CLANG_WARN_RANGE_LOOP_ANALYSIS = YES;
				CLANG_WARN_STRICT_PROTOTYPES = YES;
				CLANG_WARN_SUSPICIOUS_MOVE = YES;
				CLANG_WARN_UNGUARDED_AVAILABILITY = YES_AGGRESSIVE;
				CLANG_WARN_UNREACHABLE_CODE = YES;
				CLANG_WARN__DUPLICATE_METHOD_MATCH = YES;
				COPY_PHASE_STRIP = NO;
				DEBUG_INFORMATION_FORMAT = "dwarf-with-dsym";
				ENABLE_NS_ASSERTIONS = NO;
				ENABLE_STRICT_OBJC_MSGSEND = YES;
				GCC_C_LANGUAGE_STANDARD = gnu11;
				GCC_NO_COMMON_BLOCKS = YES;
				GCC_WARN_64_TO_32_BIT_CONVERSION = YES;
				GCC_WARN_ABOUT_RETURN_TYPE = YES_ERROR;
				GCC_WARN_UNDECLARED_SELECTOR = YES;
				GCC_WARN_UNINITIALIZED_AUTOS = YES_AGGRESSIVE;
				GCC_WARN_UNUSED_FUNCTION = YES;
				GCC_WARN_UNUSED_VARIABLE = YES;
				MACOSX_DEPLOYMENT_TARGET = 13.1;
				MTL_ENABLE_DEBUG_INFO = NO;
				MTL_FAST_MATH = YES;
				SDKROOT = macosx;
			};
			name = Release;
		};
		594AE8502A00BF1800830026 /* Debug */ = {
			isa = XCBuildConfiguration;
			buildSettings = {
				ASSETCATALOG_COMPILER_APPICON_NAME = AppIcon;
				ASSETCATALOG_COMPILER_GLOBAL_ACCENT_COLOR_NAME = AccentColor;
				CLANG_CXX_LANGUAGE_STANDARD = "c++20";
				CODE_SIGN_ENTITLEMENTS = RayTracing/RayTracing.entitlements;
				CODE_SIGN_STYLE = Automatic;
				COMBINE_HIDPI_IMAGES = YES;
				CURRENT_PROJECT_VERSION = 1;
				DEVELOPMENT_TEAM = 7Q7U822RR6;
				ENABLE_HARDENED_RUNTIME = YES;
				GENERATE_INFOPLIST_FILE = YES;
				INFOPLIST_KEY_NSHumanReadableCopyright = "";
				INFOPLIST_KEY_NSMainStoryboardFile = Main;
				INFOPLIST_KEY_NSPrincipalClass = NSApplication;
				LD_RUNPATH_SEARCH_PATHS = (
					"$(inherited)",
					"@executable_path/../Frameworks",
				);
				MARKETING_VERSION = 1.0;
				PRODUCT_BUNDLE_IDENTIFIER = com.willy.RayTracing;
				PRODUCT_NAME = "$(TARGET_NAME)";
				SWIFT_EMIT_LOC_STRINGS = YES;
			};
			name = Debug;
		};
		594AE8512A00BF1800830026 /* Release */ = {
			isa = XCBuildConfiguration;
			buildSettings = {
				ASSETCATALOG_COMPILER_APPICON_NAME = AppIcon;
				ASSETCATALOG_COMPILER_GLOBAL_ACCENT_COLOR_NAME = AccentColor;
				CLANG_CXX_LANGUAGE_STANDARD = "c++20";
				CODE_SIGN_ENTITLEMENTS = RayTracing/RayTracing.entitlements;
				CODE_SIGN_STYLE = Automatic;
				COMBINE_HIDPI_IMAGES = YES;
				CURRENT_PROJECT_VERSION = 1;
				DEVELOPMENT_TEAM = 7Q7U822RR6;
				ENABLE_HARDENED_RUNTIME = YES;
				GENERATE_INFOPLIST_FILE = YES;
				INFOPLIST_KEY_NSHumanReadableCopyright = "";
				INFOPLIST_KEY_NSMainStoryboardFile = Main;
				INFOPLIST_KEY_NSPrincipalClass = NSApplication;
				LD_RUNPATH_SEARCH_PATHS = (
					"$(inherited)",
					"@executable_path/../Frameworks",
				);
				MARKETING_VERSION = 1.0;
				PRODUCT_BUNDLE_IDENTIFIER = com.willy.RayTracing;
				PRODUCT_NAME = "$(TARGET_NAME)";
				SWIFT_EMIT_LOC_STRINGS = YES;
			};
			name = Release;
		};
/* End XCBuildConfiguration section */

/* Begin XCConfigurationList section */
		594AE8312A00BF1700830026 /* Build configuration list for PBXProject "RayTracing" */ = {
			isa = XCConfigurationList;
			buildConfigurations = (
				594AE84D2A00BF1800830026 /* Debug */,
				594AE84E2A00BF1800830026 /* Release */,
			);
			defaultConfigurationIsVisible = 0;
			defaultConfigurationName = Release;
		};
		594AE84F2A00BF1800830026 /* Build configuration list for PBXNativeTarget "RayTracing" */ = {
			isa = XCConfigurationList;
			buildConfigurations = (
				594AE8502A00BF1800830026 /* Debug */,
				594AE8512A00BF1800830026 /* Release */,
			);
			defaultConfigurationIsVisible = 0;
			defaultConfigurationName = Release;
		};
/* End XCConfigurationList section */
	};
	rootObject = 594AE82E2A00BF1700830026 /* Project object */;
}
